schema: '2.0'
stages:
  prepare:
    cmd: python src/data/prepare.py
    deps:
    - path: data/raw/iris.csv
      hash: md5
      md5: 21d441a28bce4417276097df955afc50
      size: 2928
    - path: src/data/prepare.py
      hash: md5
      md5: 4c2c5c9ea4b2c7612400f8905071c32e
      size: 417
    outs:
    - path: data/processed/iris.csv
      hash: md5
      md5: 21d441a28bce4417276097df955afc50
      size: 2928
